
Microsoft Visual Studio Solution File, Format Version 12.00
# Visual Studio Version 17
VisualStudioVersion = 17.14.37027.9
MinimumVisualStudioVersion = 10.0.40219.1
Project("{8BC9CEB8-8B4A-11D0-8D11-00A0C91BC942}") = "ProjectC", "ProjectC.vcxproj", "{4553F225-2C0D-4F2A-9033-187E376DD663}"
EndProject
Project("{8BC9CEB8-8B4A-11D0-8D11-00A0C91BC942}") = "Class 1th (Single Linked List)", "..\Class 1th (Single Linked List)\Class 1th (Single Linked List).vcxproj", "{33FE5D21-E43E-4ACC-B31D-1E71AEE8CE50}"
EndProject
Project("{8BC9CEB8-8B4A-11D0-8D11-00A0C91BC942}") = "Class 2th (Double Linked List)", "..\Class 2th (Double Linked List)\Class 2th (Double Linked List).vcxproj", "{CCBD3F73-3586-4F32-8BC8-7FFD284869C0}"
EndProject
Project("{8BC9CEB8-8B4A-11D0-8D11-00A0C91BC942}") = "Class 3th (Circle Linked List)", "..\Class 3th (Circle Linked List)\Class 3th (Circle Linked List).vcxproj", "{D60A1C5F-2F75-43F4-843C-C1EC03237706}"
EndProject
Project("{8BC9CEB8-8B4A-11D0-8D11-00A0C91BC942}") = "Class 4th (Vector)", "..\Class 4th (Vector)\Class 4th (Vector).vcxproj", "{F781F116-DDD9-4B1A-9574-369F896AFFC0}"
EndProject
Project("{8BC9CEB8-8B4A-11D0-8D11-00A0C91BC942}") = "Class 5th (Stack)", "..\Class 5th (Stack)\Class 5th (Stack).vcxproj", "{A33E8211-948A-4527-BF5F-F0D9BF91C5D0}"
EndProject
Project("{8BC9CEB8-8B4A-11D0-8D11-00A0C91BC942}") = "Class 6th (Linear Queue)", "..\Class 6th (Linear Queue)\Class 6th (Linear Queue).vcxproj", "{BF9D525A-504C-40C7-83FC-C8CE8AF64909}"
EndProject
Project("{8BC9CEB8-8B4A-11D0-8D11-00A0C91BC942}") = "Class 7th (Circle Queue)", "..\Class 7th (Circle Queue)\Class 7th (Circle Queue).vcxproj", "{2287040E-767A-41A1-ACE0-3B32870F3CF8}"
EndProject
Project("{8BC9CEB8-8B4A-11D0-8D11-00A0C91BC942}") = "Class 8th (Priority Queue)", "..\Class 8th (Priority Queue)\Class 8th (Priority Queue).vcxproj", "{00AC37C3-D37D-4D27-985D-A0CF461DC129}"
EndProject
Project("{8BC9CEB8-8B4A-11D0-8D11-00A0C91BC942}") = "Class 9th (Hash Table)", "..\Class 9th (Hash Table)\Class 9th (Hash Table).vcxproj", "{558F8FE9-A24C-48FD-99D6-E5855DBD5210}"
EndProject
Project("{8BC9CEB8-8B4A-11D0-8D11-00A0C91BC942}") = "Class 10th (Binary Search Tree)", "..\Class 10th (Binary Search Tree)\Class 10th (Binary Search Tree).vcxproj", "{5340FB21-3B21-442D-B6FD-565D43D65327}"
EndProject
Global
	GlobalSection(SolutionConfigurationPlatforms) = preSolution
		Debug|x64 = Debug|x64
		Debug|x86 = Debug|x86
		Release|x64 = Release|x64
		Release|x86 = Release|x86
	EndGlobalSection
	GlobalSection(ProjectConfigurationPlatforms) = postSolution
		{4553F225-2C0D-4F2A-9033-187E376DD663}.Debug|x64.ActiveCfg = Debug|x64
		{4553F225-2C0D-4F2A-9033-187E376DD663}.Debug|x64.Build.0 = Debug|x64
		{4553F225-2C0D-4F2A-9033-187E376DD663}.Debug|x86.ActiveCfg = Debug|Win32
		{4553F225-2C0D-4F2A-9033-187E376DD663}.Debug|x86.Build.0 = Debug|Win32
		{4553F225-2C0D-4F2A-9033-187E376DD663}.Release|x64.ActiveCfg = Release|x64
		{4553F225-2C0D-4F2A-9033-187E376DD663}.Release|x64.Build.0 = Release|x64
		{4553F225-2C0D-4F2A-9033-187E376DD663}.Release|x86.ActiveCfg = Release|Win32
		{4553F225-2C0D-4F2A-9033-187E376DD663}.Release|x86.Build.0 = Release|Win32
		{33FE5D21-E43E-4ACC-B31D-1E71AEE8CE50}.Debug|x64.ActiveCfg = Debug|x64
		{33FE5D21-E43E-4ACC-B31D-1E71AEE8CE50}.Debug|x64.Build.0 = Debug|x64
		{33FE5D21-E43E-4ACC-B31D-1E71AEE8CE50}.Debug|x86.ActiveCfg = Debug|Win32
		{33FE5D21-E43E-4ACC-B31D-1E71AEE8CE50}.Debug|x86.Build.0 = Debug|Win32
		{33FE5D21-E43E-4ACC-B31D-1E71AEE8CE50}.Release|x64.ActiveCfg = Release|x64
		{33FE5D21-E43E-4ACC-B31D-1E71AEE8CE50}.Release|x64.Build.0 = Release|x64
		{33FE5D21-E43E-4ACC-B31D-1E71AEE8CE50}.Release|x86.ActiveCfg = Release|Win32
		{33FE5D21-E43E-4ACC-B31D-1E71AEE8CE50}.Release|x86.Build.0 = Release|Win32
		{CCBD3F73-3586-4F32-8BC8-7FFD284869C0}.Debug|x64.ActiveCfg = Debug|x64
		{CCBD3F73-3586-4F32-8BC8-7FFD284869C0}.Debug|x64.Build.0 = Debug|x64
		{CCBD3F73-3586-4F32-8BC8-7FFD284869C0}.Debug|x86.ActiveCfg = Debug|Win32
		{CCBD3F73-3586-4F32-8BC8-7FFD284869C0}.Debug|x86.Build.0 = Debug|Win32
		{CCBD3F73-3586-4F32-8BC8-7FFD284869C0}.Release|x64.ActiveCfg = Release|x64
		{CCBD3F73-3586-4F32-8BC8-7FFD284869C0}.Release|x64.Build.0 = Release|x64
		{CCBD3F73-3586-4F32-8BC8-7FFD284869C0}.Release|x86.ActiveCfg = Release|Win32
		{CCBD3F73-3586-4F32-8BC8-7FFD284869C0}.Release|x86.Build.0 = Release|Win32
		{D60A1C5F-2F75-43F4-843C-C1EC03237706}.Debug|x64.ActiveCfg = Debug|x64
		{D60A1C5F-2F75-43F4-843C-C1EC03237706}.Debug|x64.Build.0 = Debug|x64
		{D60A1C5F-2F75-43F4-843C-C1EC03237706}.Debug|x86.ActiveCfg = Debug|Win32
		{D60A1C5F-2F75-43F4-843C-C1EC03237706}.Debug|x86.Build.0 = Debug|Win32
		{D60A1C5F-2F75-43F4-843C-C1EC03237706}.Release|x64.ActiveCfg = Release|x64
		{D60A1C5F-2F75-43F4-843C-C1EC03237706}.Release|x64.Build.0 = Release|x64
		{D60A1C5F-2F75-43F4-843C-C1EC03237706}.Release|x86.ActiveCfg = Release|Win32
		{D60A1C5F-2F75-43F4-843C-C1EC03237706}.Release|x86.Build.0 = Release|Win32
		{F781F116-DDD9-4B1A-9574-369F896AFFC0}.Debug|x64.ActiveCfg = Debug|x64
		{F781F116-DDD9-4B1A-9574-369F896AFFC0}.Debug|x64.Build.0 = Debug|x64
		{F781F116-DDD9-4B1A-9574-369F896AFFC0}.Debug|x86.ActiveCfg = Debug|Win32
		{F781F116-DDD9-4B1A-9574-369F896AFFC0}.Debug|x86.Build.0 = Debug|Win32
		{F781F116-DDD9-4B1A-9574-369F896AFFC0}.Release|x64.ActiveCfg = Release|x64
		{F781F116-DDD9-4B1A-9574-369F896AFFC0}.Release|x64.Build.0 = Release|x64
		{F781F116-DDD9-4B1A-9574-369F896AFFC0}.Release|x86.ActiveCfg = Release|Win32
		{F781F116-DDD9-4B1A-9574-369F896AFFC0}.Release|x86.Build.0 = Release|Win32
		{A33E8211-948A-4527-BF5F-F0D9BF91C5D0}.Debug|x64.ActiveCfg = Debug|x64
		{A33E8211-948A-4527-BF5F-F0D9BF91C5D0}.Debug|x64.Build.0 = Debug|x64
		{A33E8211-948A-4527-BF5F-F0D9BF91C5D0}.Debug|x86.ActiveCfg = Debug|Win32
		{A33E8211-948A-4527-BF5F-F0D9BF91C5D0}.Debug|x86.Build.0 = Debug|Win32
		{A33E8211-948A-4527-BF5F-F0D9BF91C5D0}.Release|x64.ActiveCfg = Release|x64
		{A33E8211-948A-4527-BF5F-F0D9BF91C5D0}.Release|x64.Build.0 = Release|x64
		{A33E8211-948A-4527-BF5F-F0D9BF91C5D0}.Release|x86.ActiveCfg = Release|Win32
		{A33E8211-948A-4527-BF5F-F0D9BF91C5D0}.Release|x86.Build.0 = Release|Win32
		{BF9D525A-504C-40C7-83FC-C8CE8AF64909}.Debug|x64.ActiveCfg = Debug|x64
		{BF9D525A-504C-40C7-83FC-C8CE8AF64909}.Debug|x64.Build.0 = Debug|x64
		{BF9D525A-504C-40C7-83FC-C8CE8AF64909}.Debug|x86.ActiveCfg = Debug|Win32
		{BF9D525A-504C-40C7-83FC-C8CE8AF64909}.Debug|x86.Build.0 = Debug|Win32
		{BF9D525A-504C-40C7-83FC-C8CE8AF64909}.Release|x64.ActiveCfg = Release|x64
		{BF9D525A-504C-40C7-83FC-C8CE8AF64909}.Release|x64.Build.0 = Release|x64
		{BF9D525A-504C-40C7-83FC-C8CE8AF64909}.Release|x86.ActiveCfg = Release|Win32
		{BF9D525A-504C-40C7-83FC-C8CE8AF64909}.Release|x86.Build.0 = Release|Win32
		{2287040E-767A-41A1-ACE0-3B32870F3CF8}.Debug|x64.ActiveCfg = Debug|x64
		{2287040E-767A-41A1-ACE0-3B32870F3CF8}.Debug|x64.Build.0 = Debug|x64
		{2287040E-767A-41A1-ACE0-3B32870F3CF8}.Debug|x86.ActiveCfg = Debug|Win32
		{2287040E-767A-41A1-ACE0-3B32870F3CF8}.Debug|x86.Build.0 = Debug|Win32
		{2287040E-767A-41A1-ACE0-3B32870F3CF8}.Release|x64.ActiveCfg = Release|x64
		{2287040E-767A-41A1-ACE0-3B32870F3CF8}.Release|x64.Build.0 = Release|x64
		{2287040E-767A-41A1-ACE0-3B32870F3CF8}.Release|x86.ActiveCfg = Release|Win32
		{2287040E-767A-41A1-ACE0-3B32870F3CF8}.Release|x86.Build.0 = Release|Win32
		{00AC37C3-D37D-4D27-985D-A0CF461DC129}.Debug|x64.ActiveCfg = Debug|x64
		{00AC37C3-D37D-4D27-985D-A0CF461DC129}.Debug|x64.Build.0 = Debug|x64
		{00AC37C3-D37D-4D27-985D-A0CF461DC129}.Debug|x86.ActiveCfg = Debug|Win32
		{00AC37C3-D37D-4D27-985D-A0CF461DC129}.Debug|x86.Build.0 = Debug|Win32
		{00AC37C3-D37D-4D27-985D-A0CF461DC129}.Release|x64.ActiveCfg = Release|x64
		{00AC37C3-D37D-4D27-985D-A0CF461DC129}.Release|x64.Build.0 = Release|x64
		{00AC37C3-D37D-4D27-985D-A0CF461DC129}.Release|x86.ActiveCfg = Release|Win32
		{00AC37C3-D37D-4D27-985D-A0CF461DC129}.Release|x86.Build.0 = Release|Win32
		{558F8FE9-A24C-48FD-99D6-E5855DBD5210}.Debug|x64.ActiveCfg = Debug|x64
		{558F8FE9-A24C-48FD-99D6-E5855DBD5210}.Debug|x64.Build.0 = Debug|x64
		{558F8FE9-A24C-48FD-99D6-E5855DBD5210}.Debug|x86.ActiveCfg = Debug|Win32
		{558F8FE9-A24C-48FD-99D6-E5855DBD5210}.Debug|x86.Build.0 = Debug|Win32
		{558F8FE9-A24C-48FD-99D6-E5855DBD5210}.Release|x64.ActiveCfg = Release|x64
		{558F8FE9-A24C-48FD-99D6-E5855DBD5210}.Release|x64.Build.0 = Release|x64
		{558F8FE9-A24C-48FD-99D6-E5855DBD5210}.Release|x86.ActiveCfg = Release|Win32
		{558F8FE9-A24C-48FD-99D6-E5855DBD5210}.Release|x86.Build.0 = Release|Win32
		{5340FB21-3B21-442D-B6FD-565D43D65327}.Debug|x64.ActiveCfg = Debug|x64
		{5340FB21-3B21-442D-B6FD-565D43D65327}.Debug|x64.Build.0 = Debug|x64
		{5340FB21-3B21-442D-B6FD-565D43D65327}.Debug|x86.ActiveCfg = Debug|Win32
		{5340FB21-3B21-442D-B6FD-565D43D65327}.Debug|x86.Build.0 = Debug|Win32
		{5340FB21-3B21-442D-B6FD-565D43D65327}.Release|x64.ActiveCfg = Release|x64
		{5340FB21-3B21-442D-B6FD-565D43D65327}.Release|x64.Build.0 = Release|x64
		{5340FB21-3B21-442D-B6FD-565D43D65327}.Release|x86.ActiveCfg = Release|Win32
		{5340FB21-3B21-442D-B6FD-565D43D65327}.Release|x86.Build.0 = Release|Win32
	EndGlobalSection
	GlobalSection(SolutionProperties) = preSolution
		HideSolutionNode = FALSE
	EndGlobalSection
	GlobalSection(ExtensibilityGlobals) = postSolution
		SolutionGuid = {1E2CD8C4-3DAF-4CD3-9061-C72E67D14FBB}
	EndGlobalSection
EndGlobal
